[[package]]
name = "asgiref"
version = "3.6.0"
description = "ASGI specs, helper code, and adapters"
category = "main"
optional = false
python-versions = ">=3.7"

[package.extras]
tests = ["pytest", "pytest-asyncio", "mypy (>=0.800)"]

[[package]]
name = "django"
version = "4.1.7"
description = "A high-level Python web framework that encourages rapid development and clean, pragmatic design."
category = "main"
optional = false
python-versions = ">=3.8"

[package.dependencies]
asgiref = ">=3.5.2,<4"
sqlparse = ">=0.2.2"
tzdata = {version = "*", markers = "sys_platform == \"win32\""}

[package.extras]
argon2 = ["argon2-cffi (>=19.1.0)"]
bcrypt = ["bcrypt"]

[[package]]
name = "python-decouple"
version = "3.7"
description = "Strict separation of settings from code."
category = "main"
optional = false
python-versions = "*"

[[package]]
name = "sqlparse"
version = "0.4.3"
description = "A non-validating SQL parser."
category = "main"
optional = false
python-versions = ">=3.5"

[[package]]
name = "tzdata"
version = "2022.7"
description = "Provider of IANA time zone data"
category = "main"
optional = false
python-versions = ">=2"

[[package]]
name = "whitenoise"
version = "6.3.0"
description = "Radically simplified static file serving for WSGI applications"
category = "main"
optional = false
python-versions = ">=3.7"

[package.extras]
brotli = ["brotli"]

[metadata]
lock-version = "1.1"
python-versions = "^3.10"
content-hash = "3809b1e055e2a24b46b06493c6328746d475b745b0cf9a1f9610eb3ac4875c55"

[metadata.files]
asgiref = []
django = []
python-decouple = []
sqlparse = []
tzdata = []
whitenoise = []
